
Microsoft Visual Studio Solution File, Format Version 12.00
# Visual Studio Version 16
VisualStudioVersion = 16.0.30717.126
MinimumVisualStudioVersion = 10.0.40219.1
Project("{9A19103F-16F7-4668-BE54-9A1E7A4F7556}") = "PAPIClasses", "PAPIClasses\PAPIClasses.csproj", "{70BACA27-10D5-450A-A1D6-ED8F792227C9}"
EndProject
Project("{FAE04EC0-301F-11D3-BF4B-00C04F79EFBC}") = "GameMasterPAPI", "GameMasterPAPI\GameMasterPAPI.csproj", "{5230926A-95B9-451C-8369-A8EF62D28CCD}"
EndProject
Project("{9A19103F-16F7-4668-BE54-9A1E7A4F7556}") = "TestClient", "TextClient\TestClient.csproj", "{23238476-4227-482A-AD44-7E33BEEC862F}"
	ProjectSection(ProjectDependencies) = postProject
		{70BACA27-10D5-450A-A1D6-ED8F792227C9} = {70BACA27-10D5-450A-A1D6-ED8F792227C9}
	EndProjectSection
EndProject
Project("{9A19103F-16F7-4668-BE54-9A1E7A4F7556}") = "PAPITests", "PAPITests\PAPITests.csproj", "{9377EC25-6CFF-4467-9E41-0EC8F8AE19E1}"
EndProject
Global
	GlobalSection(SolutionConfigurationPlatforms) = preSolution
		Debug|Any CPU = Debug|Any CPU
		Release|Any CPU = Release|Any CPU
	EndGlobalSection
	GlobalSection(ProjectConfigurationPlatforms) = postSolution
		{70BACA27-10D5-450A-A1D6-ED8F792227C9}.Debug|Any CPU.ActiveCfg = Debug|Any CPU
		{70BACA27-10D5-450A-A1D6-ED8F792227C9}.Debug|Any CPU.Build.0 = Debug|Any CPU
		{70BACA27-10D5-450A-A1D6-ED8F792227C9}.Release|Any CPU.ActiveCfg = Release|Any CPU
		{70BACA27-10D5-450A-A1D6-ED8F792227C9}.Release|Any CPU.Build.0 = Release|Any CPU
		{5230926A-95B9-451C-8369-A8EF62D28CCD}.Debug|Any CPU.ActiveCfg = Debug|Any CPU
		{5230926A-95B9-451C-8369-A8EF62D28CCD}.Debug|Any CPU.Build.0 = Debug|Any CPU
		{5230926A-95B9-451C-8369-A8EF62D28CCD}.Release|Any CPU.ActiveCfg = Release|Any CPU
		{5230926A-95B9-451C-8369-A8EF62D28CCD}.Release|Any CPU.Build.0 = Release|Any CPU
		{23238476-4227-482A-AD44-7E33BEEC862F}.Debug|Any CPU.ActiveCfg = Debug|Any CPU
		{23238476-4227-482A-AD44-7E33BEEC862F}.Debug|Any CPU.Build.0 = Debug|Any CPU
		{23238476-4227-482A-AD44-7E33BEEC862F}.Release|Any CPU.ActiveCfg = Release|Any CPU
		{23238476-4227-482A-AD44-7E33BEEC862F}.Release|Any CPU.Build.0 = Release|Any CPU
		{9377EC25-6CFF-4467-9E41-0EC8F8AE19E1}.Debug|Any CPU.ActiveCfg = Debug|Any CPU
		{9377EC25-6CFF-4467-9E41-0EC8F8AE19E1}.Debug|Any CPU.Build.0 = Debug|Any CPU
		{9377EC25-6CFF-4467-9E41-0EC8F8AE19E1}.Release|Any CPU.ActiveCfg = Release|Any CPU
		{9377EC25-6CFF-4467-9E41-0EC8F8AE19E1}.Release|Any CPU.Build.0 = Release|Any CPU
	EndGlobalSection
	GlobalSection(SolutionProperties) = preSolution
		HideSolutionNode = FALSE
	EndGlobalSection
	GlobalSection(ExtensibilityGlobals) = postSolution
		SolutionGuid = {18B41629-EC63-449E-B292-28A2A62E5C6C}
	EndGlobalSection
EndGlobal
